
Microsoft Visual Studio Solution File, Format Version 12.00
# Visual Studio 14
VisualStudioVersion = 14.0.24720.0
MinimumVisualStudioVersion = 10.0.40219.1
Project("{FAE04EC0-301F-11D3-BF4B-00C04F79EFBC}") = "Common_Console_Application1", "Common_Console_Application1\Common_Console_Application1.csproj", "{54EE660E-25BC-4316-8F1F-6C3098D63D1E}"
EndProject
Global
	GlobalSection(SolutionConfigurationPlatforms) = preSolution
		Debug|Any CPU = Debug|Any CPU
		Release|Any CPU = Release|Any CPU
	EndGlobalSection
	GlobalSection(ProjectConfigurationPlatforms) = postSolution
		{54EE660E-25BC-4316-8F1F-6C3098D63D1E}.Debug|Any CPU.ActiveCfg = Debug|Any CPU
		{54EE660E-25BC-4316-8F1F-6C3098D63D1E}.Debug|Any CPU.Build.0 = Debug|Any CPU
		{54EE660E-25BC-4316-8F1F-6C3098D63D1E}.Release|Any CPU.ActiveCfg = Release|Any CPU
		{54EE660E-25BC-4316-8F1F-6C3098D63D1E}.Release|Any CPU.Build.0 = Release|Any CPU
	EndGlobalSection
	GlobalSection(SolutionProperties) = preSolution
		HideSolutionNode = FALSE
	EndGlobalSection
EndGlobal
